
Microsoft Visual Studio Solution File, Format Version 12.00
# Visual Studio Version 17
VisualStudioVersion = 17.8.34309.116
MinimumVisualStudioVersion = 10.0.40219.1
Project("{FAE04EC0-301F-11D3-BF4B-00C04F79EFBC}") = "ShortLinks_Final", "ShortLinks_Final\ShortLinks_Final.csproj", "{E6CB887F-5325-482D-B6D5-96F4E122784F}"
EndProject
Global
	GlobalSection(SolutionConfigurationPlatforms) = preSolution
		Debug|Any CPU = Debug|Any CPU
		Release|Any CPU = Release|Any CPU
	EndGlobalSection
	GlobalSection(ProjectConfigurationPlatforms) = postSolution
		{E6CB887F-5325-482D-B6D5-96F4E122784F}.Debug|Any CPU.ActiveCfg = Debug|Any CPU
		{E6CB887F-5325-482D-B6D5-96F4E122784F}.Debug|Any CPU.Build.0 = Debug|Any CPU
		{E6CB887F-5325-482D-B6D5-96F4E122784F}.Release|Any CPU.ActiveCfg = Release|Any CPU
		{E6CB887F-5325-482D-B6D5-96F4E122784F}.Release|Any CPU.Build.0 = Release|Any CPU
	EndGlobalSection
	GlobalSection(SolutionProperties) = preSolution
		HideSolutionNode = FALSE
	EndGlobalSection
	GlobalSection(ExtensibilityGlobals) = postSolution
		SolutionGuid = {79DBD613-AF92-4CE7-8878-DFE66E6AC8C4}
	EndGlobalSection
EndGlobal
